<?xml version="1.0" encoding="utf-8"?>
<Project ToolsVersion="4.0" xmlns="http://schemas.microsoft.com/developer/msbuild/2003">
  <ItemGroup>
    <Filter Include="Source Files">
      <UniqueIdentifier>{4FC737F1-C7A5-4376-A066-2A32D752A2FF}</UniqueIdentifier>
      <Extensions>cpp;c;cc;cxx;c++;cppm;ixx;def;odl;idl;hpj;bat;asm;asmx</Extensions>
    </Filter>
    <Filter Include="Header Files">
      <UniqueIdentifier>{93995380-89BD-4b04-88EB-625FBE52EBFB}</UniqueIdentifier>
      <Extensions>h;hh;hpp;hxx;h++;hm;inl;inc;ipp;xsd</Extensions>
    </Filter>
    <Filter Include="Resource Files">
      <UniqueIdentifier>{67DA6AB6-F800-4c08-8B7A-83BB121AAD01}</UniqueIdentifier>
      <Extensions>rc;ico;cur;bmp;dlg;rc2;rct;bin;rgs;gif;jpg;jpeg;jpe;resx;tiff;tif;png;wav;mfcribbon-ms</Extensions>
    </Filter>
    <Filter Include="Header Files\Objects">
      <UniqueIdentifier>{e07abc03-1bc1-4f5d-99f8-98912c1e10e9}</UniqueIdentifier>
    </Filter>
    <Filter Include="Resource Files\images">
      <UniqueIdentifier>{e4da8398-b351-4c30-87bc-2f2d4704d88b}</UniqueIdentifier>
    </Filter>
    <Filter Include="Source Files\texturing">
      <UniqueIdentifier>{2ac97b88-6eaf-434e-8904-e8583908428d}</UniqueIdentifier>
    </Filter>
    <Filter Include="Source Files\Objects">
      <UniqueIdentifier>{c4019698-678e-4319-b4b2-75cb8aaa2169}</UniqueIdentifier>
    </Filter>
    <Filter Include="Header Files\texturing">
      <UniqueIdentifier>{79c80d3b-aaea-41cd-8e5f-da4329988d7e}</UniqueIdentifier>
    </Filter>
    <Filter Include="Source Files\ui">
      <UniqueIdentifier>{d477db1c-c704-4e63-91de-af018f13bf53}</UniqueIdentifier>
    </Filter>
    <Filter Include="Header Files\ui">
      <UniqueIdentifier>{82ee602a-b2cc-4bcf-a632-1e34079f0d7f}</UniqueIdentifier>
    </Filter>
    <Filter Include="Resource Files\fonts">
      <UniqueIdentifier>{ad60fb3a-3440-40d5-b811-f4386cb1f009}</UniqueIdentifier>
    </Filter>
    <Filter Include="Header Files\common">
      <UniqueIdentifier>{5a9095ad-7444-4fb1-bf59-90c153a56abe}</UniqueIdentifier>
    </Filter>
    <Filter Include="Source Files\common">
      <UniqueIdentifier>{f6275c23-cc2d-41bc-ae22-657472e04519}</UniqueIdentifier>
    </Filter>
    <Filter Include="Source Files\common\Game">
      <UniqueIdentifier>{d3bd2e64-04f0-43b3-89d2-2650d2bf8ed8}</UniqueIdentifier>
    </Filter>
    <Filter Include="Source Files\audio">
      <UniqueIdentifier>{9486a63a-7354-4949-afc2-4ef2ea80c511}</UniqueIdentifier>
    </Filter>
    <Filter Include="Header Files\audio">
      <UniqueIdentifier>{96a93d9d-1b21-479b-a813-088270164495}</UniqueIdentifier>
    </Filter>
    <Filter Include="Resource Files\audio">
      <UniqueIdentifier>{2efef333-3018-4672-b206-715ffb2cb4c5}</UniqueIdentifier>
    </Filter>
    <Filter Include="EmbeddedAssets">
      <UniqueIdentifier>{715c1904-2224-47b2-b7a7-7ae6e0a570ba}</UniqueIdentifier>
    </Filter>
  </ItemGroup>
  <ItemGroup>
    <ClCompile Include="texturing\SkinFactory.cpp">
      <Filter>Source Files\texturing</Filter>
    </ClCompile>
    <ClCompile Include="texturing\TextureSkin.cpp">
      <Filter>Source Files\texturing</Filter>
    </ClCompile>
    <ClCompile Include="Objects\Ball.cpp">
      <Filter>Source Files\Objects</Filter>
    </ClCompile>
    <ClCompile Include="Objects\Paddle.cpp">
      <Filter>Source Files\Objects</Filter>
    </ClCompile>
    <ClCompile Include="ui\scorePanel.cpp">
      <Filter>Source Files\ui</Filter>
    </ClCompile>
    <ClCompile Include="ui\SkinsMenu.cpp">
      <Filter>Source Files\ui</Filter>
    </ClCompile>
    <ClCompile Include="common\Game\Game.cpp">
      <Filter>Source Files\common\Game</Filter>
    </ClCompile>
    <ClCompile Include="pong.cpp">
      <Filter>Source Files</Filter>
    </ClCompile>
    <ClCompile Include="audio\AudioManager.cpp">
      <Filter>Source Files\audio</Filter>
    </ClCompile>
  </ItemGroup>
  <ItemGroup>
    <ClInclude Include="Objects\Ball.h">
      <Filter>Header Files\Objects</Filter>
    </ClInclude>
    <ClInclude Include="texturing\BallSkin.h">
      <Filter>Header Files\texturing</Filter>
    </ClInclude>
    <ClInclude Include="Objects\GameObject.h">
      <Filter>Header Files\Objects</Filter>
    </ClInclude>
    <ClInclude Include="Objects\Paddle.h">
      <Filter>Header Files\Objects</Filter>
    </ClInclude>
    <ClInclude Include="texturing\SkinFactory.h">
      <Filter>Header Files\texturing</Filter>
    </ClInclude>
    <ClInclude Include="texturing\TextureSkin.h">
      <Filter>Header Files\texturing</Filter>
    </ClInclude>
    <ClInclude Include="ui\scorePanel.h">
      <Filter>Header Files\ui</Filter>
    </ClInclude>
    <ClInclude Include="ui\SkinsMenu.h">
      <Filter>Header Files\ui</Filter>
    </ClInclude>
    <ClInclude Include="ui\TextPanel.h">
      <Filter>Header Files\ui</Filter>
    </ClInclude>
    <ClInclude Include="resource.h">
      <Filter>Resource Files</Filter>
    </ClInclude>
    <ClInclude Include="common\GoalObserver.h">
      <Filter>Header Files\common</Filter>
    </ClInclude>
    <ClInclude Include="common\Utils.h">
      <Filter>Header Files\common</Filter>
    </ClInclude>
    <ClInclude Include="common\Game\Game.h">
      <Filter>Header Files\common</Filter>
    </ClInclude>
    <ClInclude Include="audio\AudioManager.h">
      <Filter>Header Files\audio</Filter>
    </ClInclude>
    <ClInclude Include="assets\images\BlueEye_png.h">
      <Filter>EmbeddedAssets</Filter>
    </ClInclude>
    <ClInclude Include="assets\images\CrackedEye_png.h">
      <Filter>EmbeddedAssets</Filter>
    </ClInclude>
    <ClInclude Include="assets\images\CyclopeEye_png.h">
      <Filter>EmbeddedAssets</Filter>
    </ClInclude>
    <ClInclude Include="assets\images\DonutEye_png.h">
      <Filter>EmbeddedAssets</Filter>
    </ClInclude>
    <ClInclude Include="assets\audio\goal_ogg.h">
      <Filter>EmbeddedAssets</Filter>
    </ClInclude>
    <ClInclude Include="assets\audio\hit_ogg.h">
      <Filter>EmbeddedAssets</Filter>
    </ClInclude>
    <ClInclude Include="assets\audio\lose_ogg.h">
      <Filter>EmbeddedAssets</Filter>
    </ClInclude>
    <ClInclude Include="assets\audio\mainTheme_ogg.h">
      <Filter>EmbeddedAssets</Filter>
    </ClInclude>
    <ClInclude Include="assets\audio\missedGoal_ogg.h">
      <Filter>EmbeddedAssets</Filter>
    </ClInclude>
    <ClInclude Include="assets\images\Watermelon_png.h">
      <Filter>EmbeddedAssets</Filter>
    </ClInclude>
    <ClInclude Include="assets\fonts\Roboto-Black_ttf.h">
      <Filter>EmbeddedAssets</Filter>
    </ClInclude>
    <ClInclude Include="assets\audio\win_ogg.h">
      <Filter>EmbeddedAssets</Filter>
    </ClInclude>
  </ItemGroup>
  <ItemGroup>
    <ResourceCompile Include="pong.rc">
      <Filter>Resource Files</Filter>
    </ResourceCompile>
  </ItemGroup>
  <ItemGroup>
    <Image Include="assets\images\BlueEye.png">
      <Filter>Resource Files\images</Filter>
    </Image>
    <Image Include="assets\images\CrackedEye.png">
      <Filter>Resource Files\images</Filter>
    </Image>
    <Image Include="assets\images\CyclopeEye.png">
      <Filter>Resource Files\images</Filter>
    </Image>
    <Image Include="assets\images\DonutEye.png">
      <Filter>Resource Files\images</Filter>
    </Image>
    <Image Include="assets\images\Watermelon.png">
      <Filter>Resource Files\images</Filter>
    </Image>
  </ItemGroup>
  <ItemGroup>
    <Font Include="assets\fonts\Roboto-Black.ttf">
      <Filter>Resource Files\fonts</Filter>
    </Font>
  </ItemGroup>
</Project>